// !$*UTF8*$!
{
	archiveVersion = 1;
	classes = {
	};
	objectVersion = 50;
	objects = {

/* Begin PBXBuildFile section */
		2B17A01325729F8D0090CA20 /* AppDelegate.swift in Sources */ = {isa = PBXBuildFile; fileRef = 2B17A01225729F8D0090CA20 /* AppDelegate.swift */; };
		2B17A01725729F8D0090CA20 /* ViewController.swift in Sources */ = {isa = PBXBuildFile; fileRef = 2B17A01625729F8D0090CA20 /* ViewController.swift */; };
		2B17A01A25729F8D0090CA20 /* Main.storyboard in Resources */ = {isa = PBXBuildFile; fileRef = 2B17A01825729F8D0090CA20 /* Main.storyboard */; };
		2B17A01D25729F8D0090CA20 /* TechnicalChallenge.xcdatamodeld in Sources */ = {isa = PBXBuildFile; fileRef = 2B17A01B25729F8D0090CA20 /* TechnicalChallenge.xcdatamodeld */; };
		2B17A01F25729F8F0090CA20 /* Assets.xcassets in Resources */ = {isa = PBXBuildFile; fileRef = 2B17A01E25729F8F0090CA20 /* Assets.xcassets */; };
		2B17A02225729F8F0090CA20 /* LaunchScreen.storyboard in Resources */ = {isa = PBXBuildFile; fileRef = 2B17A02025729F8F0090CA20 /* LaunchScreen.storyboard */; };
		2B31A1772576B7C8008A5966 /* BaseView.swift in Sources */ = {isa = PBXBuildFile; fileRef = 2B31A1762576B7C8008A5966 /* BaseView.swift */; };
		2B31A1812576B86F008A5966 /* DetailsFoodView.swift in Sources */ = {isa = PBXBuildFile; fileRef = 2B31A1802576B86F008A5966 /* DetailsFoodView.swift */; };
		2B31A1892576BB81008A5966 /* DetailsFoodViewController.swift in Sources */ = {isa = PBXBuildFile; fileRef = 2B31A1882576BB81008A5966 /* DetailsFoodViewController.swift */; };
		2B31A18F2576BBDB008A5966 /* RestaurantTableTableViewController.swift in Sources */ = {isa = PBXBuildFile; fileRef = 2B31A18E2576BBDB008A5966 /* RestaurantTableTableViewController.swift */; };
		2B31A1982576BC1D008A5966 /* RestaurantTableViewCell.swift in Sources */ = {isa = PBXBuildFile; fileRef = 2B31A1972576BC1D008A5966 /* RestaurantTableViewCell.swift */; };
		2B31A1A82576BCE3008A5966 /* LocationView.swift in Sources */ = {isa = PBXBuildFile; fileRef = 2B31A1A72576BCE3008A5966 /* LocationView.swift */; };
		2B31A1B02576BDF8008A5966 /* LocationViewController.swift in Sources */ = {isa = PBXBuildFile; fileRef = 2B31A1AF2576BDF8008A5966 /* LocationViewController.swift */; };
		2B31A1B62576CC14008A5966 /* LocationServices.swift in Sources */ = {isa = PBXBuildFile; fileRef = 2B31A1B52576CC14008A5966 /* LocationServices.swift */; };
		2B621EE7257814D600FBC519 /* Podfile in Resources */ = {isa = PBXBuildFile; fileRef = 2B621EE6257814D600FBC519 /* Podfile */; };
/* End PBXBuildFile section */

/* Begin PBXContainerItemProxy section */
		2B17A02925729F8F0090CA20 /* PBXContainerItemProxy */ = {
			isa = PBXContainerItemProxy;
			containerPortal = 2B17A00725729F8D0090CA20 /* Project object */;
			proxyType = 1;
			remoteGlobalIDString = 2B17A00E25729F8D0090CA20;
			remoteInfo = TechnicalChallenge;
		};
		2B17A03425729F8F0090CA20 /* PBXContainerItemProxy */ = {
			isa = PBXContainerItemProxy;
			containerPortal = 2B17A00725729F8D0090CA20 /* Project object */;
			proxyType = 1;
			remoteGlobalIDString = 2B17A00E25729F8D0090CA20;
			remoteInfo = TechnicalChallenge;
		};
/* End PBXContainerItemProxy section */

/* Begin PBXFileReference section */
		2B17A00F25729F8D0090CA20 /* TechnicalChallenge.app */ = {isa = PBXFileReference; explicitFileType = wrapper.application; includeInIndex = 0; path = TechnicalChallenge.app; sourceTree = BUILT_PRODUCTS_DIR; };
		2B17A01225729F8D0090CA20 /* AppDelegate.swift */ = {isa = PBXFileReference; lastKnownFileType = sourcecode.swift; path = AppDelegate.swift; sourceTree = "<group>"; };
		2B17A01625729F8D0090CA20 /* ViewController.swift */ = {isa = PBXFileReference; lastKnownFileType = sourcecode.swift; path = ViewController.swift; sourceTree = "<group>"; };
		2B17A01925729F8D0090CA20 /* Base */ = {isa = PBXFileReference; lastKnownFileType = file.storyboard; name = Base; path = Base.lproj/Main.storyboard; sourceTree = "<group>"; };
		2B17A01C25729F8D0090CA20 /* TechnicalChallenge.xcdatamodel */ = {isa = PBXFileReference; lastKnownFileType = wrapper.xcdatamodel; path = TechnicalChallenge.xcdatamodel; sourceTree = "<group>"; };
		2B17A01E25729F8F0090CA20 /* Assets.xcassets */ = {isa = PBXFileReference; lastKnownFileType = folder.assetcatalog; path = Assets.xcassets; sourceTree = "<group>"; };
		2B17A02125729F8F0090CA20 /* Base */ = {isa = PBXFileReference; lastKnownFileType = file.storyboard; name = Base; path = Base.lproj/LaunchScreen.storyboard; sourceTree = "<group>"; };
		2B17A02325729F8F0090CA20 /* Info.plist */ = {isa = PBXFileReference; lastKnownFileType = text.plist.xml; path = Info.plist; sourceTree = "<group>"; };
		2B17A02825729F8F0090CA20 /* TechnicalChallengeTests.xctest */ = {isa = PBXFileReference; explicitFileType = wrapper.cfbundle; includeInIndex = 0; path = TechnicalChallengeTests.xctest; sourceTree = BUILT_PRODUCTS_DIR; };
		2B17A03325729F8F0090CA20 /* TechnicalChallengeUITests.xctest */ = {isa = PBXFileReference; explicitFileType = wrapper.cfbundle; includeInIndex = 0; path = TechnicalChallengeUITests.xctest; sourceTree = BUILT_PRODUCTS_DIR; };
		2B31A1762576B7C8008A5966 /* BaseView.swift */ = {isa = PBXFileReference; lastKnownFileType = sourcecode.swift; path = BaseView.swift; sourceTree = "<group>"; tabWidth = 3; };
		2B31A1802576B86F008A5966 /* DetailsFoodView.swift */ = {isa = PBXFileReference; lastKnownFileType = sourcecode.swift; path = DetailsFoodView.swift; sourceTree = "<group>"; };
		2B31A1882576BB81008A5966 /* DetailsFoodViewController.swift */ = {isa = PBXFileReference; lastKnownFileType = sourcecode.swift; path = DetailsFoodViewController.swift; sourceTree = "<group>"; };
		2B31A18E2576BBDB008A5966 /* RestaurantTableTableViewController.swift */ = {isa = PBXFileReference; lastKnownFileType = sourcecode.swift; path = RestaurantTableTableViewController.swift; sourceTree = "<group>"; };
		2B31A1972576BC1D008A5966 /* RestaurantTableViewCell.swift */ = {isa = PBXFileReference; lastKnownFileType = sourcecode.swift; path = RestaurantTableViewCell.swift; sourceTree = "<group>"; };
		2B31A1A72576BCE3008A5966 /* LocationView.swift */ = {isa = PBXFileReference; lastKnownFileType = sourcecode.swift; path = LocationView.swift; sourceTree = "<group>"; };
		2B31A1AF2576BDF8008A5966 /* LocationViewController.swift */ = {isa = PBXFileReference; lastKnownFileType = sourcecode.swift; path = LocationViewController.swift; sourceTree = "<group>"; };
		2B31A1B52576CC14008A5966 /* LocationServices.swift */ = {isa = PBXFileReference; lastKnownFileType = sourcecode.swift; path = LocationServices.swift; sourceTree = "<group>"; };
		2B621EE6257814D600FBC519 /* Podfile */ = {isa = PBXFileReference; lastKnownFileType = text; path = Podfile; sourceTree = "<group>"; };
/* End PBXFileReference section */

/* Begin PBXFrameworksBuildPhase section */
		2B17A00C25729F8D0090CA20 /* Frameworks */ = {
			isa = PBXFrameworksBuildPhase;
			buildActionMask = 2147483647;
			files = (
			);
			runOnlyForDeploymentPostprocessing = 0;
		};
		2B17A02525729F8F0090CA20 /* Frameworks */ = {
			isa = PBXFrameworksBuildPhase;
			buildActionMask = 2147483647;
			files = (
			);
			runOnlyForDeploymentPostprocessing = 0;
		};
		2B17A03025729F8F0090CA20 /* Frameworks */ = {
			isa = PBXFrameworksBuildPhase;
			buildActionMask = 2147483647;
			files = (
			);
			runOnlyForDeploymentPostprocessing = 0;
		};
/* End PBXFrameworksBuildPhase section */

/* Begin PBXGroup section */
		2B17A00625729F8D0090CA20 = {
			isa = PBXGroup;
			children = (
				2B621EE6257814D600FBC519 /* Podfile */,
				2B17A01125729F8D0090CA20 /* TechnicalChallenge */,
				2B17A01025729F8D0090CA20 /* Products */,
			);
			sourceTree = "<group>";
		};
		2B17A01025729F8D0090CA20 /* Products */ = {
			isa = PBXGroup;
			children = (
				2B17A00F25729F8D0090CA20 /* TechnicalChallenge.app */,
				2B17A02825729F8F0090CA20 /* TechnicalChallengeTests.xctest */,
				2B17A03325729F8F0090CA20 /* TechnicalChallengeUITests.xctest */,
			);
			name = Products;
			sourceTree = "<group>";
		};
		2B17A01125729F8D0090CA20 /* TechnicalChallenge */ = {
			isa = PBXGroup;
			children = (
				2B31A1B42576CBED008A5966 /* Services */,
				2B31A1752576B7AE008A5966 /* Screens */,
				2B17A01225729F8D0090CA20 /* AppDelegate.swift */,
				2B17A01625729F8D0090CA20 /* ViewController.swift */,
				2B17A01825729F8D0090CA20 /* Main.storyboard */,
				2B17A01E25729F8F0090CA20 /* Assets.xcassets */,
				2B17A02025729F8F0090CA20 /* LaunchScreen.storyboard */,
				2B17A02325729F8F0090CA20 /* Info.plist */,
				2B17A01B25729F8D0090CA20 /* TechnicalChallenge.xcdatamodeld */,
			);
			path = TechnicalChallenge;
			sourceTree = "<group>";
		};
		2B31A1752576B7AE008A5966 /* Screens */ = {
			isa = PBXGroup;
			children = (
				2B31A1A52576BCC7008A5966 /* Location */,
				2B31A18D2576BBAA008A5966 /* RestaurantList */,
				2B31A17E2576B842008A5966 /* Details */,
				2B31A1762576B7C8008A5966 /* BaseView.swift */,
			);
			path = Screens;
			sourceTree = "<group>";
		};
		2B31A17E2576B842008A5966 /* Details */ = {
			isa = PBXGroup;
			children = (
				2B31A17F2576B849008A5966 /* Views */,
				2B31A1882576BB81008A5966 /* DetailsFoodViewController.swift */,
			);
			path = Details;
			sourceTree = "<group>";
		};
		2B31A17F2576B849008A5966 /* Views */ = {
			isa = PBXGroup;
			children = (
				2B31A1802576B86F008A5966 /* DetailsFoodView.swift */,
			);
			path = Views;
			sourceTree = "<group>";
		};
		2B31A18D2576BBAA008A5966 /* RestaurantList */ = {
			isa = PBXGroup;
			children = (
				2B31A1962576BBFB008A5966 /* Views */,
				2B31A18E2576BBDB008A5966 /* RestaurantTableTableViewController.swift */,
			);
			path = RestaurantList;
			sourceTree = "<group>";
		};
		2B31A1962576BBFB008A5966 /* Views */ = {
			isa = PBXGroup;
			children = (
				2B31A1972576BC1D008A5966 /* RestaurantTableViewCell.swift */,
			);
			path = Views;
			sourceTree = "<group>";
		};
		2B31A1A52576BCC7008A5966 /* Location */ = {
			isa = PBXGroup;
			children = (
				2B31A1A62576BCD0008A5966 /* Views */,
				2B31A1AF2576BDF8008A5966 /* LocationViewController.swift */,
			);
			path = Location;
			sourceTree = "<group>";
		};
		2B31A1A62576BCD0008A5966 /* Views */ = {
			isa = PBXGroup;
			children = (
				2B31A1A72576BCE3008A5966 /* LocationView.swift */,
			);
			path = Views;
			sourceTree = "<group>";
		};
		2B31A1B42576CBED008A5966 /* Services */ = {
			isa = PBXGroup;
			children = (
				2B31A1B52576CC14008A5966 /* LocationServices.swift */,
			);
			path = Services;
			sourceTree = "<group>";
		};
/* End PBXGroup section */

/* Begin PBXNativeTarget section */
		2B17A00E25729F8D0090CA20 /* TechnicalChallenge */ = {
			isa = PBXNativeTarget;
			buildConfigurationList = 2B17A03C25729F8F0090CA20 /* Build configuration list for PBXNativeTarget "TechnicalChallenge" */;
			buildPhases = (
				2B17A00B25729F8D0090CA20 /* Sources */,
				2B17A00C25729F8D0090CA20 /* Frameworks */,
				2B17A00D25729F8D0090CA20 /* Resources */,
			);
			buildRules = (
			);
			dependencies = (
			);
			name = TechnicalChallenge;
			productName = TechnicalChallenge;
			productReference = 2B17A00F25729F8D0090CA20 /* TechnicalChallenge.app */;
			productType = "com.apple.product-type.application";
		};
		2B17A02725729F8F0090CA20 /* TechnicalChallengeTests */ = {
			isa = PBXNativeTarget;
			buildConfigurationList = 2B17A03F25729F8F0090CA20 /* Build configuration list for PBXNativeTarget "TechnicalChallengeTests" */;
			buildPhases = (
				2B17A02425729F8F0090CA20 /* Sources */,
				2B17A02525729F8F0090CA20 /* Frameworks */,
				2B17A02625729F8F0090CA20 /* Resources */,
			);
			buildRules = (
			);
			dependencies = (
				2B17A02A25729F8F0090CA20 /* PBXTargetDependency */,
			);
			name = TechnicalChallengeTests;
			productName = TechnicalChallengeTests;
			productReference = 2B17A02825729F8F0090CA20 /* TechnicalChallengeTests.xctest */;
			productType = "com.apple.product-type.bundle.unit-test";
		};
		2B17A03225729F8F0090CA20 /* TechnicalChallengeUITests */ = {
			isa = PBXNativeTarget;
			buildConfigurationList = 2B17A04225729F8F0090CA20 /* Build configuration list for PBXNativeTarget "TechnicalChallengeUITests" */;
			buildPhases = (
				2B17A02F25729F8F0090CA20 /* Sources */,
				2B17A03025729F8F0090CA20 /* Frameworks */,
				2B17A03125729F8F0090CA20 /* Resources */,
			);
			buildRules = (
			);
			dependencies = (
				2B17A03525729F8F0090CA20 /* PBXTargetDependency */,
			);
			name = TechnicalChallengeUITests;
			productName = TechnicalChallengeUITests;
			productReference = 2B17A03325729F8F0090CA20 /* TechnicalChallengeUITests.xctest */;
			productType = "com.apple.product-type.bundle.ui-testing";
		};
/* End PBXNativeTarget section */

/* Begin PBXProject section */
		2B17A00725729F8D0090CA20 /* Project object */ = {
			isa = PBXProject;
			attributes = {
				LastSwiftUpdateCheck = 1220;
				LastUpgradeCheck = 1220;
				TargetAttributes = {
					2B17A00E25729F8D0090CA20 = {
						CreatedOnToolsVersion = 12.2;
					};
					2B17A02725729F8F0090CA20 = {
						CreatedOnToolsVersion = 12.2;
						TestTargetID = 2B17A00E25729F8D0090CA20;
					};
					2B17A03225729F8F0090CA20 = {
						CreatedOnToolsVersion = 12.2;
						TestTargetID = 2B17A00E25729F8D0090CA20;
					};
				};
			};
			buildConfigurationList = 2B17A00A25729F8D0090CA20 /* Build configuration list for PBXProject "TechnicalChallenge" */;
			compatibilityVersion = "Xcode 9.3";
			developmentRegion = en;
			hasScannedForEncodings = 0;
			knownRegions = (
				en,
				Base,
			);
			mainGroup = 2B17A00625729F8D0090CA20;
			productRefGroup = 2B17A01025729F8D0090CA20 /* Products */;
			projectDirPath = "";
			projectRoot = "";
			targets = (
				2B17A00E25729F8D0090CA20 /* TechnicalChallenge */,
				2B17A02725729F8F0090CA20 /* TechnicalChallengeTests */,
				2B17A03225729F8F0090CA20 /* TechnicalChallengeUITests */,
			);
		};
/* End PBXProject section */

/* Begin PBXResourcesBuildPhase section */
		2B17A00D25729F8D0090CA20 /* Resources */ = {
			isa = PBXResourcesBuildPhase;
			buildActionMask = 2147483647;
			files = (
				2B17A02225729F8F0090CA20 /* LaunchScreen.storyboard in Resources */,
				2B17A01F25729F8F0090CA20 /* Assets.xcassets in Resources */,
				2B621EE7257814D600FBC519 /* Podfile in Resources */,
				2B17A01A25729F8D0090CA20 /* Main.storyboard in Resources */,
			);
			runOnlyForDeploymentPostprocessing = 0;
		};
		2B17A02625729F8F0090CA20 /* Resources */ = {
			isa = PBXResourcesBuildPhase;
			buildActionMask = 2147483647;
			files = (
			);
			runOnlyForDeploymentPostprocessing = 0;
		};
		2B17A03125729F8F0090CA20 /* Resources */ = {
			isa = PBXResourcesBuildPhase;
			buildActionMask = 2147483647;
			files = (
			);
			runOnlyForDeploymentPostprocessing = 0;
		};
/* End PBXResourcesBuildPhase section */

/* Begin PBXSourcesBuildPhase section */
		2B17A00B25729F8D0090CA20 /* Sources */ = {
			isa = PBXSourcesBuildPhase;
			buildActionMask = 2147483647;
			files = (
				2B17A01725729F8D0090CA20 /* ViewController.swift in Sources */,
				2B17A01D25729F8D0090CA20 /* TechnicalChallenge.xcdatamodeld in Sources */,
				2B31A1772576B7C8008A5966 /* BaseView.swift in Sources */,
				2B31A18F2576BBDB008A5966 /* RestaurantTableTableViewController.swift in Sources */,
				2B31A1812576B86F008A5966 /* DetailsFoodView.swift in Sources */,
				2B31A1B02576BDF8008A5966 /* LocationViewController.swift in Sources */,
				2B17A01325729F8D0090CA20 /* AppDelegate.swift in Sources */,
				2B31A1A82576BCE3008A5966 /* LocationView.swift in Sources */,
				2B31A1982576BC1D008A5966 /* RestaurantTableViewCell.swift in Sources */,
				2B31A1B62576CC14008A5966 /* LocationServices.swift in Sources */,
				2B31A1892576BB81008A5966 /* DetailsFoodViewController.swift in Sources */,
			);
			runOnlyForDeploymentPostprocessing = 0;
		};
		2B17A02425729F8F0090CA20 /* Sources */ = {
			isa = PBXSourcesBuildPhase;
			buildActionMask = 2147483647;
			files = (
			);
			runOnlyForDeploymentPostprocessing = 0;
		};
		2B17A02F25729F8F0090CA20 /* Sources */ = {
			isa = PBXSourcesBuildPhase;
			buildActionMask = 2147483647;
			files = (
			);
			runOnlyForDeploymentPostprocessing = 0;
		};
/* End PBXSourcesBuildPhase section */

/* Begin PBXTargetDependency section */
		2B17A02A25729F8F0090CA20 /* PBXTargetDependency */ = {
			isa = PBXTargetDependency;
			target = 2B17A00E25729F8D0090CA20 /* TechnicalChallenge */;
			targetProxy = 2B17A02925729F8F0090CA20 /* PBXContainerItemProxy */;
		};
		2B17A03525729F8F0090CA20 /* PBXTargetDependency */ = {
			isa = PBXTargetDependency;
			target = 2B17A00E25729F8D0090CA20 /* TechnicalChallenge */;
			targetProxy = 2B17A03425729F8F0090CA20 /* PBXContainerItemProxy */;
		};
/* End PBXTargetDependency section */

/* Begin PBXVariantGroup section */
		2B17A01825729F8D0090CA20 /* Main.storyboard */ = {
			isa = PBXVariantGroup;
			children = (
				2B17A01925729F8D0090CA20 /* Base */,
			);
			name = Main.storyboard;
			sourceTree = "<group>";
		};
		2B17A02025729F8F0090CA20 /* LaunchScreen.storyboard */ = {
			isa = PBXVariantGroup;
			children = (
				2B17A02125729F8F0090CA20 /* Base */,
			);
			name = LaunchScreen.storyboard;
			sourceTree = "<group>";
		};
/* End PBXVariantGroup section */

/* Begin XCBuildConfiguration section */
		2B17A03A25729F8F0090CA20 /* Debug */ = {
			isa = XCBuildConfiguration;
			buildSettings = {
				ALWAYS_SEARCH_USER_PATHS = NO;
				CLANG_ANALYZER_NONNULL = YES;
				CLANG_ANALYZER_NUMBER_OBJECT_CONVERSION = YES_AGGRESSIVE;
				CLANG_CXX_LANGUAGE_STANDARD = "gnu++14";
				CLANG_CXX_LIBRARY = "libc++";
				CLANG_ENABLE_MODULES = YES;
				CLANG_ENABLE_OBJC_ARC = YES;
				CLANG_ENABLE_OBJC_WEAK = YES;
				CLANG_WARN_BLOCK_CAPTURE_AUTORELEASING = YES;
				CLANG_WARN_BOOL_CONVERSION = YES;
				CLANG_WARN_COMMA = YES;
				CLANG_WARN_CONSTANT_CONVERSION = YES;
				CLANG_WARN_DEPRECATED_OBJC_IMPLEMENTATIONS = YES;
				CLANG_WARN_DIRECT_OBJC_ISA_USAGE = YES_ERROR;
				CLANG_WARN_DOCUMENTATION_COMMENTS = YES;
				CLANG_WARN_EMPTY_BODY = YES;
				CLANG_WARN_ENUM_CONVERSION = YES;
				CLANG_WARN_INFINITE_RECURSION = YES;
				CLANG_WARN_INT_CONVERSION = YES;
				CLANG_WARN_NON_LITERAL_NULL_CONVERSION = YES;
				CLANG_WARN_OBJC_IMPLICIT_RETAIN_SELF = YES;
				CLANG_WARN_OBJC_LITERAL_CONVERSION = YES;
				CLANG_WARN_OBJC_ROOT_CLASS = YES_ERROR;
				CLANG_WARN_QUOTED_INCLUDE_IN_FRAMEWORK_HEADER = YES;
				CLANG_WARN_RANGE_LOOP_ANALYSIS = YES;
				CLANG_WARN_STRICT_PROTOTYPES = YES;
				CLANG_WARN_SUSPICIOUS_MOVE = YES;
				CLANG_WARN_UNGUARDED_AVAILABILITY = YES_AGGRESSIVE;
				CLANG_WARN_UNREACHABLE_CODE = YES;
				CLANG_WARN__DUPLICATE_METHOD_MATCH = YES;
				COPY_PHASE_STRIP = NO;
				DEBUG_INFORMATION_FORMAT = dwarf;
				ENABLE_STRICT_OBJC_MSGSEND = YES;
				ENABLE_TESTABILITY = YES;
				GCC_C_LANGUAGE_STANDARD = gnu11;
				GCC_DYNAMIC_NO_PIC = NO;
				GCC_NO_COMMON_BLOCKS = YES;
				GCC_OPTIMIZATION_LEVEL = 0;
				GCC_PREPROCESSOR_DEFINITIONS = (
					"DEBUG=1",
					"$(inherited)",
				);
				GCC_WARN_64_TO_32_BIT_CONVERSION = YES;
				GCC_WARN_ABOUT_RETURN_TYPE = YES_ERROR;
				GCC_WARN_UNDECLARED_SELECTOR = YES;
				GCC_WARN_UNINITIALIZED_AUTOS = YES_AGGRESSIVE;
				GCC_WARN_UNUSED_FUNCTION = YES;
				GCC_WARN_UNUSED_VARIABLE = YES;
				IPHONEOS_DEPLOYMENT_TARGET = 12.0;
				MTL_ENABLE_DEBUG_INFO = INCLUDE_SOURCE;
				MTL_FAST_MATH = YES;
				ONLY_ACTIVE_ARCH = YES;
				SDKROOT = iphoneos;
				SWIFT_ACTIVE_COMPILATION_CONDITIONS = DEBUG;
				SWIFT_OPTIMIZATION_LEVEL = "-Onone";
			};
			name = Debug;
		};
		2B17A03B25729F8F0090CA20 /* Release */ = {
			isa = XCBuildConfiguration;
			buildSettings = {
				ALWAYS_SEARCH_USER_PATHS = NO;
				CLANG_ANALYZER_NONNULL = YES;
				CLANG_ANALYZER_NUMBER_OBJECT_CONVERSION = YES_AGGRESSIVE;
				CLANG_CXX_LANGUAGE_STANDARD = "gnu++14";
				CLANG_CXX_LIBRARY = "libc++";
				CLANG_ENABLE_MODULES = YES;
				CLANG_ENABLE_OBJC_ARC = YES;
				CLANG_ENABLE_OBJC_WEAK = YES;
				CLANG_WARN_BLOCK_CAPTURE_AUTORELEASING = YES;
				CLANG_WARN_BOOL_CONVERSION = YES;
				CLANG_WARN_COMMA = YES;
				CLANG_WARN_CONSTANT_CONVERSION = YES;
				CLANG_WARN_DEPRECATED_OBJC_IMPLEMENTATIONS = YES;
				CLANG_WARN_DIRECT_OBJC_ISA_USAGE = YES_ERROR;
				CLANG_WARN_DOCUMENTATION_COMMENTS = YES;
				CLANG_WARN_EMPTY_BODY = YES;
				CLANG_WARN_ENUM_CONVERSION = YES;
				CLANG_WARN_INFINITE_RECURSION = YES;
				CLANG_WARN_INT_CONVERSION = YES;
				CLANG_WARN_NON_LITERAL_NULL_CONVERSION = YES;
				CLANG_WARN_OBJC_IMPLICIT_RETAIN_SELF = YES;
				CLANG_WARN_OBJC_LITERAL_CONVERSION = YES;
				CLANG_WARN_OBJC_ROOT_CLASS = YES_ERROR;
				CLANG_WARN_QUOTED_INCLUDE_IN_FRAMEWORK_HEADER = YES;
				CLANG_WARN_RANGE_LOOP_ANALYSIS = YES;
				CLANG_WARN_STRICT_PROTOTYPES = YES;
				CLANG_WARN_SUSPICIOUS_MOVE = YES;
				CLANG_WARN_UNGUARDED_AVAILABILITY = YES_AGGRESSIVE;
				CLANG_WARN_UNREACHABLE_CODE = YES;
				CLANG_WARN__DUPLICATE_METHOD_MATCH = YES;
				COPY_PHASE_STRIP = NO;
				DEBUG_INFORMATION_FORMAT = "dwarf-with-dsym";
				ENABLE_NS_ASSERTIONS = NO;
				ENABLE_STRICT_OBJC_MSGSEND = YES;
				GCC_C_LANGUAGE_STANDARD = gnu11;
				GCC_NO_COMMON_BLOCKS = YES;
				GCC_WARN_64_TO_32_BIT_CONVERSION = YES;
				GCC_WARN_ABOUT_RETURN_TYPE = YES_ERROR;
				GCC_WARN_UNDECLARED_SELECTOR = YES;
				GCC_WARN_UNINITIALIZED_AUTOS = YES_AGGRESSIVE;
				GCC_WARN_UNUSED_FUNCTION = YES;
				GCC_WARN_UNUSED_VARIABLE = YES;
				IPHONEOS_DEPLOYMENT_TARGET = 12.0;
				MTL_ENABLE_DEBUG_INFO = NO;
				MTL_FAST_MATH = YES;
				SDKROOT = iphoneos;
				SWIFT_COMPILATION_MODE = wholemodule;
				SWIFT_OPTIMIZATION_LEVEL = "-O";
				VALIDATE_PRODUCT = YES;
			};
			name = Release;
		};
		2B17A03D25729F8F0090CA20 /* Debug */ = {
			isa = XCBuildConfiguration;
			buildSettings = {
				ASSETCATALOG_COMPILER_APPICON_NAME = AppIcon;
				ASSETCATALOG_COMPILER_GLOBAL_ACCENT_COLOR_NAME = AccentColor;
				CODE_SIGN_STYLE = Automatic;
				INFOPLIST_FILE = TechnicalChallenge/Info.plist;
				LD_RUNPATH_SEARCH_PATHS = (
					"$(inherited)",
					"@executable_path/Frameworks",
				);
				PRODUCT_BUNDLE_IDENTIFIER = JoaoOliveira.TechnicalChallenge;
				PRODUCT_NAME = "$(TARGET_NAME)";
				SWIFT_VERSION = 5.0;
				TARGETED_DEVICE_FAMILY = "1,2";
			};
			name = Debug;
		};
		2B17A03E25729F8F0090CA20 /* Release */ = {
			isa = XCBuildConfiguration;
			buildSettings = {
				ASSETCATALOG_COMPILER_APPICON_NAME = AppIcon;
				ASSETCATALOG_COMPILER_GLOBAL_ACCENT_COLOR_NAME = AccentColor;
				CODE_SIGN_STYLE = Automatic;
				INFOPLIST_FILE = TechnicalChallenge/Info.plist;
				LD_RUNPATH_SEARCH_PATHS = (
					"$(inherited)",
					"@executable_path/Frameworks",
				);
				PRODUCT_BUNDLE_IDENTIFIER = JoaoOliveira.TechnicalChallenge;
				PRODUCT_NAME = "$(TARGET_NAME)";
				SWIFT_VERSION = 5.0;
				TARGETED_DEVICE_FAMILY = "1,2";
			};
			name = Release;
		};
		2B17A04025729F8F0090CA20 /* Debug */ = {
			isa = XCBuildConfiguration;
			buildSettings = {
				ALWAYS_EMBED_SWIFT_STANDARD_LIBRARIES = YES;
				BUNDLE_LOADER = "$(TEST_HOST)";
				CODE_SIGN_STYLE = Automatic;
				INFOPLIST_FILE = TechnicalChallengeTests/Info.plist;
				IPHONEOS_DEPLOYMENT_TARGET = 14.2;
				LD_RUNPATH_SEARCH_PATHS = (
					"$(inherited)",
					"@executable_path/Frameworks",
					"@loader_path/Frameworks",
				);
				PRODUCT_BUNDLE_IDENTIFIER = JoaoOliveira.TechnicalChallengeTests;
				PRODUCT_NAME = "$(TARGET_NAME)";
				SWIFT_VERSION = 5.0;
				TARGETED_DEVICE_FAMILY = "1,2";
				TEST_HOST = "$(BUILT_PRODUCTS_DIR)/TechnicalChallenge.app/TechnicalChallenge";
			};
			name = Debug;
		};
		2B17A04125729F8F0090CA20 /* Release */ = {
			isa = XCBuildConfiguration;
			buildSettings = {
				ALWAYS_EMBED_SWIFT_STANDARD_LIBRARIES = YES;
				BUNDLE_LOADER = "$(TEST_HOST)";
				CODE_SIGN_STYLE = Automatic;
				INFOPLIST_FILE = TechnicalChallengeTests/Info.plist;
				IPHONEOS_DEPLOYMENT_TARGET = 14.2;
				LD_RUNPATH_SEARCH_PATHS = (
					"$(inherited)",
					"@executable_path/Frameworks",
					"@loader_path/Frameworks",
				);
				PRODUCT_BUNDLE_IDENTIFIER = JoaoOliveira.TechnicalChallengeTests;
				PRODUCT_NAME = "$(TARGET_NAME)";
				SWIFT_VERSION = 5.0;
				TARGETED_DEVICE_FAMILY = "1,2";
				TEST_HOST = "$(BUILT_PRODUCTS_DIR)/TechnicalChallenge.app/TechnicalChallenge";
			};
			name = Release;
		};
		2B17A04325729F8F0090CA20 /* Debug */ = {
			isa = XCBuildConfiguration;
			buildSettings = {
				ALWAYS_EMBED_SWIFT_STANDARD_LIBRARIES = YES;
				CODE_SIGN_STYLE = Automatic;
				INFOPLIST_FILE = TechnicalChallengeUITests/Info.plist;
				LD_RUNPATH_SEARCH_PATHS = (
					"$(inherited)",
					"@executable_path/Frameworks",
					"@loader_path/Frameworks",
				);
				PRODUCT_BUNDLE_IDENTIFIER = JoaoOliveira.TechnicalChallengeUITests;
				PRODUCT_NAME = "$(TARGET_NAME)";
				SWIFT_VERSION = 5.0;
				TARGETED_DEVICE_FAMILY = "1,2";
				TEST_TARGET_NAME = TechnicalChallenge;
			};
			name = Debug;
		};
		2B17A04425729F8F0090CA20 /* Release */ = {
			isa = XCBuildConfiguration;
			buildSettings = {
				ALWAYS_EMBED_SWIFT_STANDARD_LIBRARIES = YES;
				CODE_SIGN_STYLE = Automatic;
				INFOPLIST_FILE = TechnicalChallengeUITests/Info.plist;
				LD_RUNPATH_SEARCH_PATHS = (
					"$(inherited)",
					"@executable_path/Frameworks",
					"@loader_path/Frameworks",
				);
				PRODUCT_BUNDLE_IDENTIFIER = JoaoOliveira.TechnicalChallengeUITests;
				PRODUCT_NAME = "$(TARGET_NAME)";
				SWIFT_VERSION = 5.0;
				TARGETED_DEVICE_FAMILY = "1,2";
				TEST_TARGET_NAME = TechnicalChallenge;
			};
			name = Release;
		};
/* End XCBuildConfiguration section */

/* Begin XCConfigurationList section */
		2B17A00A25729F8D0090CA20 /* Build configuration list for PBXProject "TechnicalChallenge" */ = {
			isa = XCConfigurationList;
			buildConfigurations = (
				2B17A03A25729F8F0090CA20 /* Debug */,
				2B17A03B25729F8F0090CA20 /* Release */,
			);
			defaultConfigurationIsVisible = 0;
			defaultConfigurationName = Release;
		};
		2B17A03C25729F8F0090CA20 /* Build configuration list for PBXNativeTarget "TechnicalChallenge" */ = {
			isa = XCConfigurationList;
			buildConfigurations = (
				2B17A03D25729F8F0090CA20 /* Debug */,
				2B17A03E25729F8F0090CA20 /* Release */,
			);
			defaultConfigurationIsVisible = 0;
			defaultConfigurationName = Release;
		};
		2B17A03F25729F8F0090CA20 /* Build configuration list for PBXNativeTarget "TechnicalChallengeTests" */ = {
			isa = XCConfigurationList;
			buildConfigurations = (
				2B17A04025729F8F0090CA20 /* Debug */,
				2B17A04125729F8F0090CA20 /* Release */,
			);
			defaultConfigurationIsVisible = 0;
			defaultConfigurationName = Release;
		};
		2B17A04225729F8F0090CA20 /* Build configuration list for PBXNativeTarget "TechnicalChallengeUITests" */ = {
			isa = XCConfigurationList;
			buildConfigurations = (
				2B17A04325729F8F0090CA20 /* Debug */,
				2B17A04425729F8F0090CA20 /* Release */,
			);
			defaultConfigurationIsVisible = 0;
			defaultConfigurationName = Release;
		};
/* End XCConfigurationList section */

/* Begin XCVersionGroup section */
		2B17A01B25729F8D0090CA20 /* TechnicalChallenge.xcdatamodeld */ = {
			isa = XCVersionGroup;
			children = (
				2B17A01C25729F8D0090CA20 /* TechnicalChallenge.xcdatamodel */,
			);
			currentVersion = 2B17A01C25729F8D0090CA20 /* TechnicalChallenge.xcdatamodel */;
			path = TechnicalChallenge.xcdatamodeld;
			sourceTree = "<group>";
			versionGroupType = wrapper.xcdatamodel;
		};
/* End XCVersionGroup section */
	};
	rootObject = 2B17A00725729F8D0090CA20 /* Project object */;
}
